PODS:
  - AWSCore (2.28.5)
  - AWSS3 (2.28.5):
    - AWSCore (= 2.28.5)
  - VeryfiLens-CreditCards (2.0.1.3):
    - AWSS3

DEPENDENCIES:
  - VeryfiLens-CreditCards (= 2.0.1.3)

SPEC REPOS:
  https://github.com/CocoaPods/Specs.git:
    - AWSCore
    - AWSS3
  https://repo.veryfi.com/shared/lens/veryfi-lens-podspec.git:
    - VeryfiLens-CreditCards

SPEC CHECKSUMS:
  AWSCore: 4bad3f0eb17393b4926a9491e32b835991c56382
  AWSS3: 4bc7118f373a6c25543d99e67c55b409eaf769fd
  VeryfiLens-CreditCards: 20d9e1012844729bd85870c8c3c091eb5f66999e

PODFILE CHECKSUM: 63c566629d6335a0adde3de03f212bbe12b588f1

COCOAPODS: 1.11.3
